// !$*UTF8*$!
{
	archiveVersion = 1;
	classes = {
	};
	objectVersion = 77;
	objects = {

/* Begin PBXBuildFile section */
		300FA9662D7642E200B8832F /* sharelink-for-swiftui in Frameworks */ = {isa = PBXBuildFile; productRef = 300FA9652D7642E200B8832F /* sharelink-for-swiftui */; };
		3069FA7E2D74F81E00C61E15 /* RswiftLibrary in Frameworks */ = {isa = PBXBuildFile; productRef = 3069FA7D2D74F81E00C61E15 /* RswiftLibrary */; };
		30B90C922D70931F00FC3505 /* KeychainAccess in Frameworks */ = {isa = PBXBuildFile; productRef = 30B90C912D70931F00FC3505 /* KeychainAccess */; };
		30B90C952D70933300FC3505 /* Reachability in Frameworks */ = {isa = PBXBuildFile; productRef = 30B90C942D70933300FC3505 /* Reachability */; };
		30B90C982D70938000FC3505 /* Adapty in Frameworks */ = {isa = PBXBuildFile; productRef = 30B90C972D70938000FC3505 /* Adapty */; };
		30B90C9B2D70952400FC3505 /* FirebaseAnalytics in Frameworks */ = {isa = PBXBuildFile; productRef = 30B90C9A2D70952400FC3505 /* FirebaseAnalytics */; };
		30B90C9D2D70952400FC3505 /* FirebaseAnalyticsOnDeviceConversion in Frameworks */ = {isa = PBXBuildFile; productRef = 30B90C9C2D70952400FC3505 /* FirebaseAnalyticsOnDeviceConversion */; };
		30B90C9F2D70952400FC3505 /* FirebaseAnalyticsWithoutAdIdSupport in Frameworks */ = {isa = PBXBuildFile; productRef = 30B90C9E2D70952400FC3505 /* FirebaseAnalyticsWithoutAdIdSupport */; };
		30B90CA12D70952400FC3505 /* FirebaseCrashlytics in Frameworks */ = {isa = PBXBuildFile; productRef = 30B90CA02D70952400FC3505 /* FirebaseCrashlytics */; };
		30B90CA32D70952400FC3505 /* FirebaseRemoteConfig in Frameworks */ = {isa = PBXBuildFile; productRef = 30B90CA22D70952400FC3505 /* FirebaseRemoteConfig */; };
/* End PBXBuildFile section */

/* Begin PBXFileReference section */
		30B90C2D2D7073C200FC3505 /* CVBuilder.app */ = {isa = PBXFileReference; explicitFileType = wrapper.application; includeInIndex = 0; path = CVBuilder.app; sourceTree = BUILT_PRODUCTS_DIR; };
/* End PBXFileReference section */

/* Begin PBXFileSystemSynchronizedBuildFileExceptionSet section */
		30B90C8F2D70904C00FC3505 /* Exceptions for "CVBuilder" folder in "CVBuilder" target */ = {
			isa = PBXFileSystemSynchronizedBuildFileExceptionSet;
			membershipExceptions = (
				Info.plist,
			);
			target = 30B90C2C2D7073C200FC3505 /* CVBuilder */;
		};
/* End PBXFileSystemSynchronizedBuildFileExceptionSet section */

/* Begin PBXFileSystemSynchronizedRootGroup section */
		30B90C2F2D7073C200FC3505 /* CVBuilder */ = {
			isa = PBXFileSystemSynchronizedRootGroup;
			exceptions = (
				30B90C8F2D70904C00FC3505 /* Exceptions for "CVBuilder" folder in "CVBuilder" target */,
			);
			path = CVBuilder;
			sourceTree = "<group>";
		};
/* End PBXFileSystemSynchronizedRootGroup section */

/* Begin PBXFrameworksBuildPhase section */
		30B90C2A2D7073C200FC3505 /* Frameworks */ = {
			isa = PBXFrameworksBuildPhase;
			buildActionMask = 2147483647;
			files = (
				30B90C922D70931F00FC3505 /* KeychainAccess in Frameworks */,
				30B90C9F2D70952400FC3505 /* FirebaseAnalyticsWithoutAdIdSupport in Frameworks */,
				300FA9662D7642E200B8832F /* sharelink-for-swiftui in Frameworks */,
				30B90C952D70933300FC3505 /* Reachability in Frameworks */,
				30B90CA12D70952400FC3505 /* FirebaseCrashlytics in Frameworks */,
				30B90C9D2D70952400FC3505 /* FirebaseAnalyticsOnDeviceConversion in Frameworks */,
				30B90C9B2D70952400FC3505 /* FirebaseAnalytics in Frameworks */,
				30B90C982D70938000FC3505 /* Adapty in Frameworks */,
				30B90CA32D70952400FC3505 /* FirebaseRemoteConfig in Frameworks */,
				3069FA7E2D74F81E00C61E15 /* RswiftLibrary in Frameworks */,
			);
			runOnlyForDeploymentPostprocessing = 0;
		};
/* End PBXFrameworksBuildPhase section */

/* Begin PBXGroup section */
		30B90C242D7073C200FC3505 = {
			isa = PBXGroup;
			children = (
				30B90C2F2D7073C200FC3505 /* CVBuilder */,
				30B90C2E2D7073C200FC3505 /* Products */,
			);
			sourceTree = "<group>";
		};
		30B90C2E2D7073C200FC3505 /* Products */ = {
			isa = PBXGroup;
			children = (
				30B90C2D2D7073C200FC3505 /* CVBuilder.app */,
			);
			name = Products;
			sourceTree = "<group>";
		};
/* End PBXGroup section */

/* Begin PBXNativeTarget section */
		30B90C2C2D7073C200FC3505 /* CVBuilder */ = {
			isa = PBXNativeTarget;
			buildConfigurationList = 30B90C3B2D7073C400FC3505 /* Build configuration list for PBXNativeTarget "CVBuilder" */;
			buildPhases = (
				30B90C292D7073C200FC3505 /* Sources */,
				30B90C2A2D7073C200FC3505 /* Frameworks */,
				30B90C2B2D7073C200FC3505 /* Resources */,
				30E041152D87A49000C628D1 /* Crashlytics */,
			);
			buildRules = (
			);
			dependencies = (
				3069FA802D74F83F00C61E15 /* PBXTargetDependency */,
			);
			fileSystemSynchronizedGroups = (
				30B90C2F2D7073C200FC3505 /* CVBuilder */,
			);
			name = CVBuilder;
			packageProductDependencies = (
				30B90C912D70931F00FC3505 /* KeychainAccess */,
				30B90C942D70933300FC3505 /* Reachability */,
				30B90C972D70938000FC3505 /* Adapty */,
				30B90C9A2D70952400FC3505 /* FirebaseAnalytics */,
				30B90C9C2D70952400FC3505 /* FirebaseAnalyticsOnDeviceConversion */,
				30B90C9E2D70952400FC3505 /* FirebaseAnalyticsWithoutAdIdSupport */,
				30B90CA02D70952400FC3505 /* FirebaseCrashlytics */,
				30B90CA22D70952400FC3505 /* FirebaseRemoteConfig */,
				3069FA7D2D74F81E00C61E15 /* RswiftLibrary */,
				300FA9652D7642E200B8832F /* sharelink-for-swiftui */,
			);
			productName = CVBuilder;
			productReference = 30B90C2D2D7073C200FC3505 /* CVBuilder.app */;
			productType = "com.apple.product-type.application";
		};
/* End PBXNativeTarget section */

/* Begin PBXProject section */
		30B90C252D7073C200FC3505 /* Project object */ = {
			isa = PBXProject;
			attributes = {
				BuildIndependentTargetsInParallel = 1;
				LastSwiftUpdateCheck = 1620;
				LastUpgradeCheck = 1620;
				TargetAttributes = {
					30B90C2C2D7073C200FC3505 = {
						CreatedOnToolsVersion = 16.2;
					};
				};
			};
			buildConfigurationList = 30B90C282D7073C200FC3505 /* Build configuration list for PBXProject "CVBuilder" */;
			developmentRegion = en;
			hasScannedForEncodings = 0;
			knownRegions = (
				en,
				Base,
				fr,
				de,
				es,
				"pt-PT",
				it,
			);
			mainGroup = 30B90C242D7073C200FC3505;
			minimizedProjectReferenceProxies = 1;
			packageReferences = (
				30B90C902D70931F00FC3505 /* XCRemoteSwiftPackageReference "KeychainAccess" */,
				30B90C932D70933300FC3505 /* XCRemoteSwiftPackageReference "Reachability" */,
				30B90C962D70938000FC3505 /* XCRemoteSwiftPackageReference "AdaptySDK-iOS" */,
				30B90C992D70952400FC3505 /* XCRemoteSwiftPackageReference "firebase-ios-sdk" */,
				3069FA7C2D74F81E00C61E15 /* XCRemoteSwiftPackageReference "R.swift" */,
				300FA9642D7642E200B8832F /* XCRemoteSwiftPackageReference "sharelink-for-swiftui" */,
			);
			preferredProjectObjectVersion = 77;
			productRefGroup = 30B90C2E2D7073C200FC3505 /* Products */;
			projectDirPath = "";
			projectRoot = "";
			targets = (
				30B90C2C2D7073C200FC3505 /* CVBuilder */,
			);
		};
/* End PBXProject section */

/* Begin PBXResourcesBuildPhase section */
		30B90C2B2D7073C200FC3505 /* Resources */ = {
			isa = PBXResourcesBuildPhase;
			buildActionMask = 2147483647;
			files = (
			);
			runOnlyForDeploymentPostprocessing = 0;
		};
/* End PBXResourcesBuildPhase section */

/* Begin PBXShellScriptBuildPhase section */
		30E041152D87A49000C628D1 /* Crashlytics */ = {
			isa = PBXShellScriptBuildPhase;
			buildActionMask = 8;
			files = (
			);
			inputFileListPaths = (
			);
			inputPaths = (
				"${DWARF_DSYM_FOLDER_PATH}/${DWARF_DSYM_FILE_NAME}",
				"${DWARF_DSYM_FOLDER_PATH}/${DWARF_DSYM_FILE_NAME}/Contents/Resources/DWARF/${PRODUCT_NAME}",
				"${DWARF_DSYM_FOLDER_PATH}/${DWARF_DSYM_FILE_NAME}/Contents/Info.plist",
				"$(TARGET_BUILD_DIR)/$(UNLOCALIZED_RESOURCES_FOLDER_PATH)/GoogleService-Info.plist",
				"$(TARGET_BUILD_DIR)/$(EXECUTABLE_PATH)",
			);
			name = Crashlytics;
			outputFileListPaths = (
			);
			outputPaths = (
			);
			runOnlyForDeploymentPostprocessing = 1;
			shellPath = /bin/sh;
			shellScript = "\"${BUILD_DIR%/Build/*}/SourcePackages/checkouts/firebase-ios-sdk/Crashlytics/run\"\n\n";
		};
/* End PBXShellScriptBuildPhase section */

/* Begin PBXSourcesBuildPhase section */
		30B90C292D7073C200FC3505 /* Sources */ = {
			isa = PBXSourcesBuildPhase;
			buildActionMask = 2147483647;
			files = (
			);
			runOnlyForDeploymentPostprocessing = 0;
		};
/* End PBXSourcesBuildPhase section */

/* Begin PBXTargetDependency section */
		3069FA802D74F83F00C61E15 /* PBXTargetDependency */ = {
			isa = PBXTargetDependency;
			productRef = 3069FA7F2D74F83F00C61E15 /* RswiftGenerateInternalResources */;
		};
/* End PBXTargetDependency section */

/* Begin XCBuildConfiguration section */
		30B90C392D7073C400FC3505 /* Debug */ = {
			isa = XCBuildConfiguration;
			buildSettings = {
				ALWAYS_SEARCH_USER_PATHS = NO;
				ASSETCATALOG_COMPILER_GENERATE_SWIFT_ASSET_SYMBOL_EXTENSIONS = YES;
				CLANG_ANALYZER_LOCALIZABILITY_NONLOCALIZED = YES;
				CLANG_ANALYZER_NONNULL = YES;
				CLANG_ANALYZER_NUMBER_OBJECT_CONVERSION = YES_AGGRESSIVE;
				CLANG_CXX_LANGUAGE_STANDARD = "gnu++20";
				CLANG_ENABLE_MODULES = YES;
				CLANG_ENABLE_OBJC_ARC = YES;
				CLANG_ENABLE_OBJC_WEAK = YES;
				CLANG_WARN_BLOCK_CAPTURE_AUTORELEASING = YES;
				CLANG_WARN_BOOL_CONVERSION = YES;
				CLANG_WARN_COMMA = YES;
				CLANG_WARN_CONSTANT_CONVERSION = YES;
				CLANG_WARN_DEPRECATED_OBJC_IMPLEMENTATIONS = YES;
				CLANG_WARN_DIRECT_OBJC_ISA_USAGE = YES_ERROR;
				CLANG_WARN_DOCUMENTATION_COMMENTS = YES;
				CLANG_WARN_EMPTY_BODY = YES;
				CLANG_WARN_ENUM_CONVERSION = YES;
				CLANG_WARN_INFINITE_RECURSION = YES;
				CLANG_WARN_INT_CONVERSION = YES;
				CLANG_WARN_NON_LITERAL_NULL_CONVERSION = YES;
				CLANG_WARN_OBJC_IMPLICIT_RETAIN_SELF = YES;
				CLANG_WARN_OBJC_LITERAL_CONVERSION = YES;
				CLANG_WARN_OBJC_ROOT_CLASS = YES_ERROR;
				CLANG_WARN_QUOTED_INCLUDE_IN_FRAMEWORK_HEADER = YES;
				CLANG_WARN_RANGE_LOOP_ANALYSIS = YES;
				CLANG_WARN_STRICT_PROTOTYPES = YES;
				CLANG_WARN_SUSPICIOUS_MOVE = YES;
				CLANG_WARN_UNGUARDED_AVAILABILITY = YES_AGGRESSIVE;
				CLANG_WARN_UNREACHABLE_CODE = YES;
				CLANG_WARN__DUPLICATE_METHOD_MATCH = YES;
				COPY_PHASE_STRIP = NO;
				DEBUG_INFORMATION_FORMAT = dwarf;
				ENABLE_STRICT_OBJC_MSGSEND = YES;
				ENABLE_TESTABILITY = YES;
				ENABLE_USER_SCRIPT_SANDBOXING = YES;
				GCC_C_LANGUAGE_STANDARD = gnu17;
				GCC_DYNAMIC_NO_PIC = NO;
				GCC_NO_COMMON_BLOCKS = YES;
				GCC_OPTIMIZATION_LEVEL = 0;
				GCC_PREPROCESSOR_DEFINITIONS = (
					"DEBUG=1",
					"$(inherited)",
				);
				GCC_WARN_64_TO_32_BIT_CONVERSION = YES;
				GCC_WARN_ABOUT_RETURN_TYPE = YES_ERROR;
				GCC_WARN_UNDECLARED_SELECTOR = YES;
				GCC_WARN_UNINITIALIZED_AUTOS = YES_AGGRESSIVE;
				GCC_WARN_UNUSED_FUNCTION = YES;
				GCC_WARN_UNUSED_VARIABLE = YES;
				IPHONEOS_DEPLOYMENT_TARGET = 18.2;
				LOCALIZATION_PREFERS_STRING_CATALOGS = YES;
				MTL_ENABLE_DEBUG_INFO = INCLUDE_SOURCE;
				MTL_FAST_MATH = YES;
				ONLY_ACTIVE_ARCH = YES;
				SDKROOT = iphoneos;
				SWIFT_ACTIVE_COMPILATION_CONDITIONS = "DEBUG $(inherited)";
				SWIFT_EMIT_LOC_STRINGS = YES;
				SWIFT_OPTIMIZATION_LEVEL = "-Onone";
			};
			name = Debug;
		};
		30B90C3A2D7073C400FC3505 /* Release */ = {
			isa = XCBuildConfiguration;
			buildSettings = {
				ALWAYS_SEARCH_USER_PATHS = NO;
				ASSETCATALOG_COMPILER_GENERATE_SWIFT_ASSET_SYMBOL_EXTENSIONS = YES;
				CLANG_ANALYZER_LOCALIZABILITY_NONLOCALIZED = YES;
				CLANG_ANALYZER_NONNULL = YES;
				CLANG_ANALYZER_NUMBER_OBJECT_CONVERSION = YES_AGGRESSIVE;
				CLANG_CXX_LANGUAGE_STANDARD = "gnu++20";
				CLANG_ENABLE_MODULES = YES;
				CLANG_ENABLE_OBJC_ARC = YES;
				CLANG_ENABLE_OBJC_WEAK = YES;
				CLANG_WARN_BLOCK_CAPTURE_AUTORELEASING = YES;
				CLANG_WARN_BOOL_CONVERSION = YES;
				CLANG_WARN_COMMA = YES;
				CLANG_WARN_CONSTANT_CONVERSION = YES;
				CLANG_WARN_DEPRECATED_OBJC_IMPLEMENTATIONS = YES;
				CLANG_WARN_DIRECT_OBJC_ISA_USAGE = YES_ERROR;
				CLANG_WARN_DOCUMENTATION_COMMENTS = YES;
				CLANG_WARN_EMPTY_BODY = YES;
				CLANG_WARN_ENUM_CONVERSION = YES;
				CLANG_WARN_INFINITE_RECURSION = YES;
				CLANG_WARN_INT_CONVERSION = YES;
				CLANG_WARN_NON_LITERAL_NULL_CONVERSION = YES;
				CLANG_WARN_OBJC_IMPLICIT_RETAIN_SELF = YES;
				CLANG_WARN_OBJC_LITERAL_CONVERSION = YES;
				CLANG_WARN_OBJC_ROOT_CLASS = YES_ERROR;
				CLANG_WARN_QUOTED_INCLUDE_IN_FRAMEWORK_HEADER = YES;
				CLANG_WARN_RANGE_LOOP_ANALYSIS = YES;
				CLANG_WARN_STRICT_PROTOTYPES = YES;
				CLANG_WARN_SUSPICIOUS_MOVE = YES;
				CLANG_WARN_UNGUARDED_AVAILABILITY = YES_AGGRESSIVE;
				CLANG_WARN_UNREACHABLE_CODE = YES;
				CLANG_WARN__DUPLICATE_METHOD_MATCH = YES;
				COPY_PHASE_STRIP = NO;
				DEBUG_INFORMATION_FORMAT = "dwarf-with-dsym";
				ENABLE_NS_ASSERTIONS = NO;
				ENABLE_STRICT_OBJC_MSGSEND = YES;
				ENABLE_USER_SCRIPT_SANDBOXING = YES;
				GCC_C_LANGUAGE_STANDARD = gnu17;
				GCC_NO_COMMON_BLOCKS = YES;
				GCC_WARN_64_TO_32_BIT_CONVERSION = YES;
				GCC_WARN_ABOUT_RETURN_TYPE = YES_ERROR;
				GCC_WARN_UNDECLARED_SELECTOR = YES;
				GCC_WARN_UNINITIALIZED_AUTOS = YES_AGGRESSIVE;
				GCC_WARN_UNUSED_FUNCTION = YES;
				GCC_WARN_UNUSED_VARIABLE = YES;
				IPHONEOS_DEPLOYMENT_TARGET = 18.2;
				LOCALIZATION_PREFERS_STRING_CATALOGS = YES;
				MTL_ENABLE_DEBUG_INFO = NO;
				MTL_FAST_MATH = YES;
				SDKROOT = iphoneos;
				SWIFT_COMPILATION_MODE = wholemodule;
				SWIFT_EMIT_LOC_STRINGS = YES;
				VALIDATE_PRODUCT = YES;
			};
			name = Release;
		};
		30B90C3C2D7073C400FC3505 /* Debug */ = {
			isa = XCBuildConfiguration;
			buildSettings = {
				ASSETCATALOG_COMPILER_APPICON_NAME = AppIcon;
				ASSETCATALOG_COMPILER_GLOBAL_ACCENT_COLOR_NAME = AccentColor;
				CODE_SIGN_STYLE = Manual;
				CURRENT_PROJECT_VERSION = 1;
				DEVELOPMENT_ASSET_PATHS = "\"CVBuilder/Preview Content\"";
				DEVELOPMENT_TEAM = "";
				ENABLE_PREVIEWS = YES;
				GENERATE_INFOPLIST_FILE = YES;
				INFOPLIST_FILE = CVBuilder/Info.plist;
				INFOPLIST_KEY_CFBundleDisplayName = "CV Builder";
				INFOPLIST_KEY_NSCameraUsageDescription = "random text";
				INFOPLIST_KEY_NSPhotoLibraryAddUsageDescription = "random text";
				INFOPLIST_KEY_NSPhotoLibraryUsageDescription = "random text";
				INFOPLIST_KEY_UIApplicationSceneManifest_Generation = YES;
				INFOPLIST_KEY_UIApplicationSupportsIndirectInputEvents = YES;
				INFOPLIST_KEY_UILaunchScreen_Generation = YES;
				INFOPLIST_KEY_UISupportedInterfaceOrientations = UIInterfaceOrientationPortrait;
				INFOPLIST_KEY_UISupportedInterfaceOrientations_iPad = "UIInterfaceOrientationLandscapeLeft UIInterfaceOrientationLandscapeRight UIInterfaceOrientationPortrait UIInterfaceOrientationPortraitUpsideDown";
				INFOPLIST_KEY_UIUserInterfaceStyle = Dark;
				IPHONEOS_DEPLOYMENT_TARGET = 16.0;
				LD_RUNPATH_SEARCH_PATHS = (
					"$(inherited)",
					"@executable_path/Frameworks",
				);
				MARKETING_VERSION = 1.0.0;
				OTHER_LDFLAGS = "-Objc";
				PRODUCT_BUNDLE_IDENTIFIER = com.fast.build.cv;
				PRODUCT_NAME = "$(TARGET_NAME)";
				PROVISIONING_PROFILE_SPECIFIER = "";
				SUPPORTED_PLATFORMS = "iphoneos iphonesimulator";
				SUPPORTS_MACCATALYST = NO;
				SUPPORTS_MAC_DESIGNED_FOR_IPHONE_IPAD = NO;
				SUPPORTS_XR_DESIGNED_FOR_IPHONE_IPAD = NO;
				SWIFT_EMIT_LOC_STRINGS = YES;
				SWIFT_VERSION = 5.0;
				TARGETED_DEVICE_FAMILY = 1;
			};
			name = Debug;
		};
		30B90C3D2D7073C400FC3505 /* Release */ = {
			isa = XCBuildConfiguration;
			buildSettings = {
				ASSETCATALOG_COMPILER_APPICON_NAME = AppIcon;
				ASSETCATALOG_COMPILER_GLOBAL_ACCENT_COLOR_NAME = AccentColor;
				CODE_SIGN_STYLE = Manual;
				CURRENT_PROJECT_VERSION = 1;
				DEVELOPMENT_ASSET_PATHS = "\"CVBuilder/Preview Content\"";
				DEVELOPMENT_TEAM = "";
				ENABLE_PREVIEWS = YES;
				GENERATE_INFOPLIST_FILE = YES;
				INFOPLIST_FILE = CVBuilder/Info.plist;
				INFOPLIST_KEY_CFBundleDisplayName = "CV Builder";
				INFOPLIST_KEY_NSCameraUsageDescription = "random text";
				INFOPLIST_KEY_NSPhotoLibraryAddUsageDescription = "random text";
				INFOPLIST_KEY_NSPhotoLibraryUsageDescription = "random text";
				INFOPLIST_KEY_UIApplicationSceneManifest_Generation = YES;
				INFOPLIST_KEY_UIApplicationSupportsIndirectInputEvents = YES;
				INFOPLIST_KEY_UILaunchScreen_Generation = YES;
				INFOPLIST_KEY_UISupportedInterfaceOrientations = UIInterfaceOrientationPortrait;
				INFOPLIST_KEY_UISupportedInterfaceOrientations_iPad = "UIInterfaceOrientationLandscapeLeft UIInterfaceOrientationLandscapeRight UIInterfaceOrientationPortrait UIInterfaceOrientationPortraitUpsideDown";
				INFOPLIST_KEY_UIUserInterfaceStyle = Dark;
				IPHONEOS_DEPLOYMENT_TARGET = 16.0;
				LD_RUNPATH_SEARCH_PATHS = (
					"$(inherited)",
					"@executable_path/Frameworks",
				);
				MARKETING_VERSION = 1.0.0;
				OTHER_LDFLAGS = "-Objc";
				PRODUCT_BUNDLE_IDENTIFIER = com.fast.build.cv;
				PRODUCT_NAME = "$(TARGET_NAME)";
				PROVISIONING_PROFILE_SPECIFIER = "";
				SUPPORTED_PLATFORMS = "iphoneos iphonesimulator";
				SUPPORTS_MACCATALYST = NO;
				SUPPORTS_MAC_DESIGNED_FOR_IPHONE_IPAD = NO;
				SUPPORTS_XR_DESIGNED_FOR_IPHONE_IPAD = NO;
				SWIFT_EMIT_LOC_STRINGS = YES;
				SWIFT_VERSION = 5.0;
				TARGETED_DEVICE_FAMILY = 1;
			};
			name = Release;
		};
/* End XCBuildConfiguration section */

/* Begin XCConfigurationList section */
		30B90C282D7073C200FC3505 /* Build configuration list for PBXProject "CVBuilder" */ = {
			isa = XCConfigurationList;
			buildConfigurations = (
				30B90C392D7073C400FC3505 /* Debug */,
				30B90C3A2D7073C400FC3505 /* Release */,
			);
			defaultConfigurationIsVisible = 0;
			defaultConfigurationName = Release;
		};
		30B90C3B2D7073C400FC3505 /* Build configuration list for PBXNativeTarget "CVBuilder" */ = {
			isa = XCConfigurationList;
			buildConfigurations = (
				30B90C3C2D7073C400FC3505 /* Debug */,
				30B90C3D2D7073C400FC3505 /* Release */,
			);
			defaultConfigurationIsVisible = 0;
			defaultConfigurationName = Release;
		};
/* End XCConfigurationList section */

/* Begin XCRemoteSwiftPackageReference section */
		300FA9642D7642E200B8832F /* XCRemoteSwiftPackageReference "sharelink-for-swiftui" */ = {
			isa = XCRemoteSwiftPackageReference;
			repositoryURL = "https://github.com/swiftuiux/sharelink-for-swiftui";
			requirement = {
				kind = upToNextMajorVersion;
				minimumVersion = 1.1.0;
			};
		};
		3069FA7C2D74F81E00C61E15 /* XCRemoteSwiftPackageReference "R.swift" */ = {
			isa = XCRemoteSwiftPackageReference;
			repositoryURL = "https://github.com/mac-cain13/R.swift.git";
			requirement = {
				kind = upToNextMajorVersion;
				minimumVersion = 7.8.0;
			};
		};
		30B90C902D70931F00FC3505 /* XCRemoteSwiftPackageReference "KeychainAccess" */ = {
			isa = XCRemoteSwiftPackageReference;
			repositoryURL = "https://github.com/kishikawakatsumi/KeychainAccess";
			requirement = {
				branch = master;
				kind = branch;
			};
		};
		30B90C932D70933300FC3505 /* XCRemoteSwiftPackageReference "Reachability" */ = {
			isa = XCRemoteSwiftPackageReference;
			repositoryURL = "https://github.com/ashleymills/Reachability.swift";
			requirement = {
				branch = master;
				kind = branch;
			};
		};
		30B90C962D70938000FC3505 /* XCRemoteSwiftPackageReference "AdaptySDK-iOS" */ = {
			isa = XCRemoteSwiftPackageReference;
			repositoryURL = "https://github.com/adaptyteam/AdaptySDK-iOS";
			requirement = {
				kind = upToNextMajorVersion;
				minimumVersion = 3.3.6;
			};
		};
		30B90C992D70952400FC3505 /* XCRemoteSwiftPackageReference "firebase-ios-sdk" */ = {
			isa = XCRemoteSwiftPackageReference;
			repositoryURL = "https://github.com/firebase/firebase-ios-sdk";
			requirement = {
				kind = upToNextMajorVersion;
				minimumVersion = 11.9.0;
			};
		};
/* End XCRemoteSwiftPackageReference section */

/* Begin XCSwiftPackageProductDependency section */
		300FA9652D7642E200B8832F /* sharelink-for-swiftui */ = {
			isa = XCSwiftPackageProductDependency;
			package = 300FA9642D7642E200B8832F /* XCRemoteSwiftPackageReference "sharelink-for-swiftui" */;
			productName = "sharelink-for-swiftui";
		};
		3069FA7D2D74F81E00C61E15 /* RswiftLibrary */ = {
			isa = XCSwiftPackageProductDependency;
			package = 3069FA7C2D74F81E00C61E15 /* XCRemoteSwiftPackageReference "R.swift" */;
			productName = RswiftLibrary;
		};
		3069FA7F2D74F83F00C61E15 /* RswiftGenerateInternalResources */ = {
			isa = XCSwiftPackageProductDependency;
			productName = "plugin:RswiftGenerateInternalResources";
		};
		30B90C912D70931F00FC3505 /* KeychainAccess */ = {
			isa = XCSwiftPackageProductDependency;
			package = 30B90C902D70931F00FC3505 /* XCRemoteSwiftPackageReference "KeychainAccess" */;
			productName = KeychainAccess;
		};
		30B90C942D70933300FC3505 /* Reachability */ = {
			isa = XCSwiftPackageProductDependency;
			package = 30B90C932D70933300FC3505 /* XCRemoteSwiftPackageReference "Reachability" */;
			productName = Reachability;
		};
		30B90C972D70938000FC3505 /* Adapty */ = {
			isa = XCSwiftPackageProductDependency;
			package = 30B90C962D70938000FC3505 /* XCRemoteSwiftPackageReference "AdaptySDK-iOS" */;
			productName = Adapty;
		};
		30B90C9A2D70952400FC3505 /* FirebaseAnalytics */ = {
			isa = XCSwiftPackageProductDependency;
			package = 30B90C992D70952400FC3505 /* XCRemoteSwiftPackageReference "firebase-ios-sdk" */;
			productName = FirebaseAnalytics;
		};
		30B90C9C2D70952400FC3505 /* FirebaseAnalyticsOnDeviceConversion */ = {
			isa = XCSwiftPackageProductDependency;
			package = 30B90C992D70952400FC3505 /* XCRemoteSwiftPackageReference "firebase-ios-sdk" */;
			productName = FirebaseAnalyticsOnDeviceConversion;
		};
		30B90C9E2D70952400FC3505 /* FirebaseAnalyticsWithoutAdIdSupport */ = {
			isa = XCSwiftPackageProductDependency;
			package = 30B90C992D70952400FC3505 /* XCRemoteSwiftPackageReference "firebase-ios-sdk" */;
			productName = FirebaseAnalyticsWithoutAdIdSupport;
		};
		30B90CA02D70952400FC3505 /* FirebaseCrashlytics */ = {
			isa = XCSwiftPackageProductDependency;
			package = 30B90C992D70952400FC3505 /* XCRemoteSwiftPackageReference "firebase-ios-sdk" */;
			productName = FirebaseCrashlytics;
		};
		30B90CA22D70952400FC3505 /* FirebaseRemoteConfig */ = {
			isa = XCSwiftPackageProductDependency;
			package = 30B90C992D70952400FC3505 /* XCRemoteSwiftPackageReference "firebase-ios-sdk" */;
			productName = FirebaseRemoteConfig;
		};
/* End XCSwiftPackageProductDependency section */
	};
	rootObject = 30B90C252D7073C200FC3505 /* Project object */;
}
